
Microsoft Visual Studio Solution File, Format Version 12.00
# Visual Studio 15
VisualStudioVersion = 15.0.28010.2019
MinimumVisualStudioVersion = 10.0.40219.1
Project("{FAE04EC0-301F-11D3-BF4B-00C04F79EFBC}") = "ProboEngine Stand-Alone Version", "ProboEngine Stand-Alone Version\ProboEngine Stand-Alone Version.csproj", "{7B9CB7CB-604C-466A-BDBE-83DA8FA02D2D}"
EndProject
Global
	GlobalSection(SolutionConfigurationPlatforms) = preSolution
		Debug|Any CPU = Debug|Any CPU
		Release|Any CPU = Release|Any CPU
	EndGlobalSection
	GlobalSection(ProjectConfigurationPlatforms) = postSolution
		{7B9CB7CB-604C-466A-BDBE-83DA8FA02D2D}.Debug|Any CPU.ActiveCfg = Debug|Any CPU
		{7B9CB7CB-604C-466A-BDBE-83DA8FA02D2D}.Debug|Any CPU.Build.0 = Debug|Any CPU
		{7B9CB7CB-604C-466A-BDBE-83DA8FA02D2D}.Release|Any CPU.ActiveCfg = Release|Any CPU
		{7B9CB7CB-604C-466A-BDBE-83DA8FA02D2D}.Release|Any CPU.Build.0 = Release|Any CPU
	EndGlobalSection
	GlobalSection(SolutionProperties) = preSolution
		HideSolutionNode = FALSE
	EndGlobalSection
	GlobalSection(ExtensibilityGlobals) = postSolution
		SolutionGuid = {41FAE8CA-18A9-4BFC-95A3-574BE5C31A6F}
	EndGlobalSection
EndGlobal
